
Microsoft Visual Studio Solution File, Format Version 12.00
# Visual Studio Version 17
VisualStudioVersion = 17.4.33213.308
MinimumVisualStudioVersion = 10.0.40219.1
Project("{FAE04EC0-301F-11D3-BF4B-00C04F79EFBC}") = "Blazor-FileManager-Client", "Blazor-FileManager-Client\Blazor-FileManager-Client.csproj", "{0BC1C1D8-ED08-4386-B4A8-960B15DFE4F8}"
EndProject
Global
	GlobalSection(SolutionConfigurationPlatforms) = preSolution
		Debug|Any CPU = Debug|Any CPU
		Release|Any CPU = Release|Any CPU
	EndGlobalSection
	GlobalSection(ProjectConfigurationPlatforms) = postSolution
		{0BC1C1D8-ED08-4386-B4A8-960B15DFE4F8}.Debug|Any CPU.ActiveCfg = Debug|Any CPU
		{0BC1C1D8-ED08-4386-B4A8-960B15DFE4F8}.Debug|Any CPU.Build.0 = Debug|Any CPU
		{0BC1C1D8-ED08-4386-B4A8-960B15DFE4F8}.Release|Any CPU.ActiveCfg = Release|Any CPU
		{0BC1C1D8-ED08-4386-B4A8-960B15DFE4F8}.Release|Any CPU.Build.0 = Release|Any CPU
	EndGlobalSection
	GlobalSection(SolutionProperties) = preSolution
		HideSolutionNode = FALSE
	EndGlobalSection
	GlobalSection(ExtensibilityGlobals) = postSolution
		SolutionGuid = {E8FA50DD-8C01-4D44-BB8E-D32F33D012EA}
	EndGlobalSection
EndGlobal
