
Microsoft Visual Studio Solution File, Format Version 12.00
# Visual Studio Version 17
VisualStudioVersion = 17.4.33213.308
MinimumVisualStudioVersion = 10.0.40219.1
Project("{FAE04EC0-301F-11D3-BF4B-00C04F79EFBC}") = "ASPCore-FileManager-WebAPI", "ASPCore-FileManager-WebAPI\ASPCore-FileManager-WebAPI.csproj", "{84C394DD-A0C5-4351-86FB-064EA76F1072}"
EndProject
Global
	GlobalSection(SolutionConfigurationPlatforms) = preSolution
		Debug|Any CPU = Debug|Any CPU
		Release|Any CPU = Release|Any CPU
	EndGlobalSection
	GlobalSection(ProjectConfigurationPlatforms) = postSolution
		{84C394DD-A0C5-4351-86FB-064EA76F1072}.Debug|Any CPU.ActiveCfg = Debug|Any CPU
		{84C394DD-A0C5-4351-86FB-064EA76F1072}.Debug|Any CPU.Build.0 = Debug|Any CPU
		{84C394DD-A0C5-4351-86FB-064EA76F1072}.Release|Any CPU.ActiveCfg = Release|Any CPU
		{84C394DD-A0C5-4351-86FB-064EA76F1072}.Release|Any CPU.Build.0 = Release|Any CPU
	EndGlobalSection
	GlobalSection(SolutionProperties) = preSolution
		HideSolutionNode = FALSE
	EndGlobalSection
	GlobalSection(ExtensibilityGlobals) = postSolution
		SolutionGuid = {DBD4E056-4B80-46A4-8A8E-205CE130F92B}
	EndGlobalSection
EndGlobal
